# Generated by pub
# See http://pub.dartlang.org/doc/glossary.html#lockfile
packages:
  browser:
    description: browser
    source: hosted
    version: "0.10.0"
  game_loop:
    description:
      ref: null
      resolved-ref: "97599510a07d6f83d7af9aa2b725e918ffda3890"
      url: "https://github.com/johnmccutchan/game_loop.git"
    source: git
    version: "0.9.3"
  obj:
    description:
      ref: null
      resolved-ref: "9095e2eed869c36dd9063d34dc817df009accb81"
      url: "https://github.com/udhos/obj"
    source: git
    version: "0.1.1"
  vector_math:
    description: vector_math
    source: hosted
    version: "1.4.3"
