# Generated by pub
# See http://pub.dartlang.org/doc/glossary.html#lockfile
packages:
  browser:
    description: browser
    source: hosted
    version: "0.10.0+2"
  game_loop:
    description:
      ref: null
      resolved-ref: "3913f5b98790ca95dbd64d757451c40f5cfa903b"
      url: "https://github.com/johnmccutchan/game_loop.git"
    source: git
    version: "0.9.4"
  obj:
    description:
      ref: null
      resolved-ref: "9095e2eed869c36dd9063d34dc817df009accb81"
      url: "https://github.com/udhos/obj"
    source: git
    version: "0.1.1"
  vector_math:
    description: vector_math
    source: hosted
    version: "1.4.3"
